
Microsoft Visual Studio Solution File, Format Version 12.00
# Visual Studio Version 17
VisualStudioVersion = 17.11.35208.52
MinimumVisualStudioVersion = 10.0.40219.1
Project("{FAE04EC0-301F-11D3-BF4B-00C04F79EFBC}") = "RecetasApi", "RecetasApi\RecetasApi.csproj", "{1EAB9A17-AC82-47DB-8AEA-AC1CBDE2496B}"
EndProject
Global
	GlobalSection(SolutionConfigurationPlatforms) = preSolution
		Debug|Any CPU = Debug|Any CPU
		Release|Any CPU = Release|Any CPU
	EndGlobalSection
	GlobalSection(ProjectConfigurationPlatforms) = postSolution
		{1EAB9A17-AC82-47DB-8AEA-AC1CBDE2496B}.Debug|Any CPU.ActiveCfg = Debug|Any CPU
		{1EAB9A17-AC82-47DB-8AEA-AC1CBDE2496B}.Debug|Any CPU.Build.0 = Debug|Any CPU
		{1EAB9A17-AC82-47DB-8AEA-AC1CBDE2496B}.Release|Any CPU.ActiveCfg = Release|Any CPU
		{1EAB9A17-AC82-47DB-8AEA-AC1CBDE2496B}.Release|Any CPU.Build.0 = Release|Any CPU
	EndGlobalSection
	GlobalSection(SolutionProperties) = preSolution
		HideSolutionNode = FALSE
	EndGlobalSection
	GlobalSection(ExtensibilityGlobals) = postSolution
		SolutionGuid = {64DC9D04-6735-4EF3-BDC4-C133DE4F95F7}
	EndGlobalSection
EndGlobal
